{
  "version": 4,
  "terraform_version": "1.0.10",
  "serial": 45,
  "lineage": "f2aae2f0-2bca-2366-8749-1a940b040247",
  "outputs": {},
  "resources": [
    {
      "mode": "data",
      "type": "oci_identity_availability_domains",
      "name": "ads",
      "provider": "provider[\"registry.terraform.io/hashicorp/oci\"]",
      "instances": [
        {
          "schema_version": 0,
          "attributes": {
            "availability_domains": [
              {
                "compartment_id": "ocid1.tenancy.oc1..aaaaaaaag2yyuob7k5chmpigyqno3uvhvts44wvwulfyzlkjsp7mwb3tykzq",
                "id": "ocid1.availabilitydomain.oc1..aaaaaaaalcdcbl7u6akbmkojxhrozpj2v7yavqqydkj3ytyjbt47lnoqnm2q",
                "name": "xDFy:EU-FRANKFURT-1-AD-1"
              },
              {
                "compartment_id": "ocid1.tenancy.oc1..aaaaaaaag2yyuob7k5chmpigyqno3uvhvts44wvwulfyzlkjsp7mwb3tykzq",
                "id": "ocid1.availabilitydomain.oc1..aaaaaaaaiifj24st3w4j7cowuo3pmqcuqwjapjv435vtjmgh5j7q3flguwna",
                "name": "xDFy:EU-FRANKFURT-1-AD-2"
              },
              {
                "compartment_id": "ocid1.tenancy.oc1..aaaaaaaag2yyuob7k5chmpigyqno3uvhvts44wvwulfyzlkjsp7mwb3tykzq",
                "id": "ocid1.availabilitydomain.oc1..aaaaaaaaa2artt5wizbqvwl3rgptylx2l7jqbnyv4dygcfvlrd3dphvi3mdq",
                "name": "xDFy:EU-FRANKFURT-1-AD-3"
              }
            ],
            "compartment_id": "ocid1.tenancy.oc1..aaaaaaaag2yyuob7k5chmpigyqno3uvhvts44wvwulfyzlkjsp7mwb3tykzq",
            "filter": null,
            "id": "IdentityAvailabilityDomainsDataSource-2543118482"
          },
          "sensitive_attributes": []
        }
      ]
    },
    {
      "mode": "managed",
      "type": "oci_identity_compartment",
      "name": "dev",
      "provider": "provider[\"registry.terraform.io/hashicorp/oci\"]",
      "instances": [
        {
          "schema_version": 0,
          "attributes": {
            "compartment_id": "ocid1.tenancy.oc1..aaaaaaaag2yyuob7k5chmpigyqno3uvhvts44wvwulfyzlkjsp7mwb3tykzq",
            "defined_tags": {
              "Oracle-Tags.CreatedBy": "mail@felixwie.com",
              "Oracle-Tags.CreatedOn": "2021-12-09T19:06:53.896Z"
            },
            "description": "Developement Setup",
            "enable_delete": null,
            "freeform_tags": {},
            "id": "ocid1.compartment.oc1..aaaaaaaaytzx7mlgya6bho6l6yjhtzl5q56oi4wk2z7aqa7kg26sxpf5zn2q",
            "inactive_state": null,
            "is_accessible": true,
            "name": "dev",
            "state": "ACTIVE",
            "time_created": "2021-12-09 19:06:54.07 +0000 UTC",
            "timeouts": null
          },
          "sensitive_attributes": [],
          "private": "eyJlMmJmYjczMC1lY2FhLTExZTYtOGY4OC0zNDM2M2JjN2M0YzAiOnsiZGVsZXRlIjo1NDAwMDAwMDAwMDAwfX0="
        }
      ]
    },
    {
      "module": "module.network",
      "mode": "managed",
      "type": "oci_core_default_dhcp_options",
      "name": "dhcp_options",
      "provider": "provider[\"registry.terraform.io/hashicorp/oci\"]",
      "instances": [
        {
          "schema_version": 0,
          "attributes": {
            "compartment_id": "ocid1.compartment.oc1..aaaaaaaaytzx7mlgya6bho6l6yjhtzl5q56oi4wk2z7aqa7kg26sxpf5zn2q",
            "defined_tags": {
              "Oracle-Tags.CreatedBy": "mail@felixwie.com",
              "Oracle-Tags.CreatedOn": "2021-12-10T09:21:33.348Z"
            },
            "display_name": "Default DHCP Options for devvcn",
            "domain_name_type": "CUSTOM_DOMAIN",
            "freeform_tags": {},
            "id": "ocid1.dhcpoptions.oc1.eu-frankfurt-1.aaaaaaaaxm3vvppavzce2nijtpowsi25luclpdfcm7skplktyjjnan74hkqa",
            "manage_default_resource_id": "ocid1.dhcpoptions.oc1.eu-frankfurt-1.aaaaaaaaxm3vvppavzce2nijtpowsi25luclpdfcm7skplktyjjnan74hkqa",
            "options": [
              {
                "custom_dns_servers": [],
                "search_domain_names": [],
                "server_type": "VcnLocalPlusInternet",
                "type": "DomainNameServer"
              }
            ],
            "state": "AVAILABLE",
            "time_created": "2021-12-10 09:21:33.905 +0000 UTC",
            "timeouts": null
          },
          "sensitive_attributes": [],
          "private": "eyJlMmJmYjczMC1lY2FhLTExZTYtOGY4OC0zNDM2M2JjN2M0YzAiOnsiY3JlYXRlIjoxMjAwMDAwMDAwMDAwLCJkZWxldGUiOjEyMDAwMDAwMDAwMDAsInVwZGF0ZSI6MTIwMDAwMDAwMDAwMH19",
          "dependencies": [
            "module.network.oci_core_vcn.vcn",
            "oci_identity_compartment.dev"
          ]
        }
      ]
    },
    {
      "module": "module.network",
      "mode": "managed",
      "type": "oci_core_default_route_table",
      "name": "public_route_table",
      "provider": "provider[\"registry.terraform.io/hashicorp/oci\"]",
      "instances": [
        {
          "schema_version": 0,
          "attributes": {
            "compartment_id": "ocid1.compartment.oc1..aaaaaaaaytzx7mlgya6bho6l6yjhtzl5q56oi4wk2z7aqa7kg26sxpf5zn2q",
            "defined_tags": {
              "Oracle-Tags.CreatedBy": "mail@felixwie.com",
              "Oracle-Tags.CreatedOn": "2021-12-10T09:21:33.348Z"
            },
            "display_name": "defaultRouteTable",
            "freeform_tags": {},
            "id": "ocid1.routetable.oc1.eu-frankfurt-1.aaaaaaaa3d3vwd7qxwayfsy3olds5hzeibblv64zvjtrhgdeac6us36xdgrq",
            "manage_default_resource_id": "ocid1.routetable.oc1.eu-frankfurt-1.aaaaaaaa3d3vwd7qxwayfsy3olds5hzeibblv64zvjtrhgdeac6us36xdgrq",
            "route_rules": [
              {
                "cidr_block": "",
                "description": "",
                "destination": "0.0.0.0/0",
                "destination_type": "CIDR_BLOCK",
                "network_entity_id": "ocid1.internetgateway.oc1.eu-frankfurt-1.aaaaaaaapykoevpmbz577zd25b7ges6hk5gucuj3kpdiwun45ulqbnjrw5fa"
              }
            ],
            "state": "AVAILABLE",
            "time_created": "2021-12-10 09:21:33.401 +0000 UTC",
            "timeouts": null
          },
          "sensitive_attributes": [],
          "private": "eyJlMmJmYjczMC1lY2FhLTExZTYtOGY4OC0zNDM2M2JjN2M0YzAiOnsiY3JlYXRlIjoxMjAwMDAwMDAwMDAwLCJkZWxldGUiOjEyMDAwMDAwMDAwMDAsInVwZGF0ZSI6MTIwMDAwMDAwMDAwMH19",
          "dependencies": [
            "module.network.oci_core_internet_gateway.internet_gateway",
            "module.network.oci_core_vcn.vcn",
            "oci_identity_compartment.dev"
          ]
        }
      ]
    },
    {
      "module": "module.network",
      "mode": "managed",
      "type": "oci_core_default_security_list",
      "name": "public_subnet_security_list",
      "provider": "provider[\"registry.terraform.io/hashicorp/oci\"]",
      "instances": [
        {
          "schema_version": 0,
          "attributes": {
            "compartment_id": "ocid1.compartment.oc1..aaaaaaaaytzx7mlgya6bho6l6yjhtzl5q56oi4wk2z7aqa7kg26sxpf5zn2q",
            "defined_tags": {
              "Oracle-Tags.CreatedBy": "mail@felixwie.com",
              "Oracle-Tags.CreatedOn": "2021-12-10T09:21:33.348Z"
            },
            "display_name": "default public security list",
            "egress_security_rules": [
              {
                "description": "Outbound ICMP type 0 to all",
                "destination": "0.0.0.0/0",
                "destination_type": "CIDR_BLOCK",
                "icmp_options": [
                  {
                    "code": -1,
                    "type": 0
                  }
                ],
                "protocol": "1",
                "stateless": false,
                "tcp_options": [],
                "udp_options": []
              },
              {
                "description": "Outbound ICMP type 11 to all",
                "destination": "0.0.0.0/0",
                "destination_type": "CIDR_BLOCK",
                "icmp_options": [
                  {
                    "code": -1,
                    "type": 11
                  }
                ],
                "protocol": "1",
                "stateless": false,
                "tcp_options": [],
                "udp_options": []
              },
              {
                "description": "Outbound ICMP type 3 to all",
                "destination": "0.0.0.0/0",
                "destination_type": "CIDR_BLOCK",
                "icmp_options": [
                  {
                    "code": -1,
                    "type": 3
                  }
                ],
                "protocol": "1",
                "stateless": false,
                "tcp_options": [],
                "udp_options": []
              },
              {
                "description": "Outbound ICMP type 4 to all",
                "destination": "0.0.0.0/0",
                "destination_type": "CIDR_BLOCK",
                "icmp_options": [
                  {
                    "code": -1,
                    "type": 4
                  }
                ],
                "protocol": "1",
                "stateless": false,
                "tcp_options": [],
                "udp_options": []
              },
              {
                "description": "Outbound ICMP type 8 to all",
                "destination": "0.0.0.0/0",
                "destination_type": "CIDR_BLOCK",
                "icmp_options": [
                  {
                    "code": -1,
                    "type": 8
                  }
                ],
                "protocol": "1",
                "stateless": false,
                "tcp_options": [],
                "udp_options": []
              },
              {
                "description": "Outbound TCP to port 1",
                "destination": "0.0.0.0/0",
                "destination_type": "CIDR_BLOCK",
                "icmp_options": [],
                "protocol": "6",
                "stateless": false,
                "tcp_options": [
                  {
                    "max": 1,
                    "min": 1,
                    "source_port_range": []
                  }
                ],
                "udp_options": []
              },
              {
                "description": "Outbound UDP to port 1",
                "destination": "0.0.0.0/0",
                "destination_type": "CIDR_BLOCK",
                "icmp_options": [],
                "protocol": "17",
                "stateless": false,
                "tcp_options": [],
                "udp_options": [
                  {
                    "max": 1,
                    "min": 1,
                    "source_port_range": []
                  }
                ]
              }
            ],
            "freeform_tags": {},
            "id": "ocid1.securitylist.oc1.eu-frankfurt-1.aaaaaaaa5fbbcb54ne3zj56efs4pckfuul23tpd3eikymtf46wysv4atewwq",
            "ingress_security_rules": [
              {
                "description": "Inbound ICMP type 0 from all",
                "icmp_options": [
                  {
                    "code": -1,
                    "type": 0
                  }
                ],
                "protocol": "1",
                "source": "0.0.0.0/0",
                "source_type": "CIDR_BLOCK",
                "stateless": false,
                "tcp_options": [],
                "udp_options": []
              },
              {
                "description": "Inbound ICMP type 11 from all",
                "icmp_options": [
                  {
                    "code": -1,
                    "type": 11
                  }
                ],
                "protocol": "1",
                "source": "0.0.0.0/0",
                "source_type": "CIDR_BLOCK",
                "stateless": false,
                "tcp_options": [],
                "udp_options": []
              },
              {
                "description": "Inbound ICMP type 3 from all",
                "icmp_options": [
                  {
                    "code": -1,
                    "type": 3
                  }
                ],
                "protocol": "1",
                "source": "0.0.0.0/0",
                "source_type": "CIDR_BLOCK",
                "stateless": false,
                "tcp_options": [],
                "udp_options": []
              },
              {
                "description": "Inbound ICMP type 4 from all",
                "icmp_options": [
                  {
                    "code": -1,
                    "type": 4
                  }
                ],
                "protocol": "1",
                "source": "0.0.0.0/0",
                "source_type": "CIDR_BLOCK",
                "stateless": false,
                "tcp_options": [],
                "udp_options": []
              },
              {
                "description": "Inbound ICMP type 8 from all",
                "icmp_options": [
                  {
                    "code": -1,
                    "type": 8
                  }
                ],
                "protocol": "1",
                "source": "0.0.0.0/0",
                "source_type": "CIDR_BLOCK",
                "stateless": false,
                "tcp_options": [],
                "udp_options": []
              },
              {
                "description": "Inbound for port 10250 from all",
                "icmp_options": [],
                "protocol": "6",
                "source": "0.0.0.0/0",
                "source_type": "CIDR_BLOCK",
                "stateless": false,
                "tcp_options": [
                  {
                    "max": 10250,
                    "min": 10250,
                    "source_port_range": []
                  }
                ],
                "udp_options": []
              },
              {
                "description": "Inbound for port 16443 from all",
                "icmp_options": [],
                "protocol": "6",
                "source": "0.0.0.0/0",
                "source_type": "CIDR_BLOCK",
                "stateless": false,
                "tcp_options": [
                  {
                    "max": 16443,
                    "min": 16443,
                    "source_port_range": []
                  }
                ],
                "udp_options": []
              },
              {
                "description": "Inbound for port 25000 from all",
                "icmp_options": [],
                "protocol": "6",
                "source": "0.0.0.0/0",
                "source_type": "CIDR_BLOCK",
                "stateless": false,
                "tcp_options": [
                  {
                    "max": 25000,
                    "min": 25000,
                    "source_port_range": []
                  }
                ],
                "udp_options": []
              },
              {
                "description": "Inbound for port 443 from all",
                "icmp_options": [],
                "protocol": "6",
                "source": "0.0.0.0/0",
                "source_type": "CIDR_BLOCK",
                "stateless": false,
                "tcp_options": [
                  {
                    "max": 443,
                    "min": 443,
                    "source_port_range": []
                  }
                ],
                "udp_options": []
              },
              {
                "description": "Inbound for port 80 from all",
                "icmp_options": [],
                "protocol": "6",
                "source": "0.0.0.0/0",
                "source_type": "CIDR_BLOCK",
                "stateless": false,
                "tcp_options": [
                  {
                    "max": 80,
                    "min": 80,
                    "source_port_range": []
                  }
                ],
                "udp_options": []
              }
            ],
            "manage_default_resource_id": "ocid1.securitylist.oc1.eu-frankfurt-1.aaaaaaaa5fbbcb54ne3zj56efs4pckfuul23tpd3eikymtf46wysv4atewwq",
            "state": "AVAILABLE",
            "time_created": "2021-12-10 09:21:33.401 +0000 UTC",
            "timeouts": null
          },
          "sensitive_attributes": [],
          "private": "eyJlMmJmYjczMC1lY2FhLTExZTYtOGY4OC0zNDM2M2JjN2M0YzAiOnsiY3JlYXRlIjoxMjAwMDAwMDAwMDAwLCJkZWxldGUiOjEyMDAwMDAwMDAwMDAsInVwZGF0ZSI6MTIwMDAwMDAwMDAwMH19",
          "dependencies": [
            "module.network.oci_core_vcn.vcn",
            "oci_identity_compartment.dev"
          ]
        }
      ]
    },
    {
      "module": "module.network",
      "mode": "managed",
      "type": "oci_core_internet_gateway",
      "name": "internet_gateway",
      "provider": "provider[\"registry.terraform.io/hashicorp/oci\"]",
      "instances": [
        {
          "schema_version": 0,
          "attributes": {
            "compartment_id": "ocid1.compartment.oc1..aaaaaaaaytzx7mlgya6bho6l6yjhtzl5q56oi4wk2z7aqa7kg26sxpf5zn2q",
            "defined_tags": {
              "Oracle-Tags.CreatedBy": "mail@felixwie.com",
              "Oracle-Tags.CreatedOn": "2021-12-10T09:21:34.535Z"
            },
            "display_name": "defaultInternetGateway",
            "enabled": true,
            "freeform_tags": {},
            "id": "ocid1.internetgateway.oc1.eu-frankfurt-1.aaaaaaaapykoevpmbz577zd25b7ges6hk5gucuj3kpdiwun45ulqbnjrw5fa",
            "state": "AVAILABLE",
            "time_created": "2021-12-10 09:21:34.62 +0000 UTC",
            "timeouts": null,
            "vcn_id": "ocid1.vcn.oc1.eu-frankfurt-1.amaaaaaaxn6fafaanmio6vjcymgejcgrfg7m3evminpjkonwtly4eqklqv4q"
          },
          "sensitive_attributes": [],
          "private": "eyJlMmJmYjczMC1lY2FhLTExZTYtOGY4OC0zNDM2M2JjN2M0YzAiOnsiY3JlYXRlIjoxMjAwMDAwMDAwMDAwLCJkZWxldGUiOjEyMDAwMDAwMDAwMDAsInVwZGF0ZSI6MTIwMDAwMDAwMDAwMH19",
          "dependencies": [
            "oci_identity_compartment.dev",
            "module.network.oci_core_vcn.vcn"
          ]
        }
      ]
    },
    {
      "module": "module.network",
      "mode": "managed",
      "type": "oci_core_nat_gateway",
      "name": "nat_gateway",
      "provider": "provider[\"registry.terraform.io/hashicorp/oci\"]",
      "instances": [
        {
          "schema_version": 0,
          "attributes": {
            "block_traffic": false,
            "compartment_id": "ocid1.compartment.oc1..aaaaaaaaytzx7mlgya6bho6l6yjhtzl5q56oi4wk2z7aqa7kg26sxpf5zn2q",
            "defined_tags": {
              "Oracle-Tags.CreatedBy": "mail@felixwie.com",
              "Oracle-Tags.CreatedOn": "2021-12-10T09:21:34.493Z"
            },
            "display_name": "defaultNatGateway",
            "freeform_tags": {},
            "id": "ocid1.natgateway.oc1.eu-frankfurt-1.aaaaaaaa5rxqgylsolp2rsowxxke5uxyhdollx7c44tg4c25spreorg4zpqq",
            "nat_ip": "138.3.251.33",
            "public_ip_id": "ocid1.publicip.oc1.eu-frankfurt-1.aaaaaaaascbk2dpcdtjqv4dmnhcxy2skldxmjulalqz4r5n62m7kzmna52ga",
            "state": "AVAILABLE",
            "time_created": "2021-12-10 09:21:34.809 +0000 UTC",
            "timeouts": null,
            "vcn_id": "ocid1.vcn.oc1.eu-frankfurt-1.amaaaaaaxn6fafaanmio6vjcymgejcgrfg7m3evminpjkonwtly4eqklqv4q"
          },
          "sensitive_attributes": [],
          "private": "eyJlMmJmYjczMC1lY2FhLTExZTYtOGY4OC0zNDM2M2JjN2M0YzAiOnsiY3JlYXRlIjoxMjAwMDAwMDAwMDAwLCJkZWxldGUiOjEyMDAwMDAwMDAwMDAsInVwZGF0ZSI6MTIwMDAwMDAwMDAwMH19",
          "dependencies": [
            "oci_identity_compartment.dev",
            "module.network.oci_core_vcn.vcn"
          ]
        }
      ]
    },
    {
      "module": "module.network",
      "mode": "managed",
      "type": "oci_core_route_table",
      "name": "private_route_table",
      "provider": "provider[\"registry.terraform.io/hashicorp/oci\"]",
      "instances": [
        {
          "schema_version": 0,
          "attributes": {
            "compartment_id": "ocid1.compartment.oc1..aaaaaaaaytzx7mlgya6bho6l6yjhtzl5q56oi4wk2z7aqa7kg26sxpf5zn2q",
            "defined_tags": {
              "Oracle-Tags.CreatedBy": "mail@felixwie.com",
              "Oracle-Tags.CreatedOn": "2021-12-10T09:21:36.841Z"
            },
            "display_name": "defaultPrivateRouteTable",
            "freeform_tags": {},
            "id": "ocid1.routetable.oc1.eu-frankfurt-1.aaaaaaaadtcimljaxfjt3idmqqbgproxo27sogg5y5cfpjfusb4n3ygj7eaa",
            "route_rules": [
              {
                "cidr_block": "",
                "description": "",
                "destination": "0.0.0.0/0",
                "destination_type": "CIDR_BLOCK",
                "network_entity_id": "ocid1.natgateway.oc1.eu-frankfurt-1.aaaaaaaa5rxqgylsolp2rsowxxke5uxyhdollx7c44tg4c25spreorg4zpqq"
              }
            ],
            "state": "AVAILABLE",
            "time_created": "2021-12-10 09:21:36.949 +0000 UTC",
            "timeouts": null,
            "vcn_id": "ocid1.vcn.oc1.eu-frankfurt-1.amaaaaaaxn6fafaanmio6vjcymgejcgrfg7m3evminpjkonwtly4eqklqv4q"
          },
          "sensitive_attributes": [],
          "private": "eyJlMmJmYjczMC1lY2FhLTExZTYtOGY4OC0zNDM2M2JjN2M0YzAiOnsiY3JlYXRlIjoxMjAwMDAwMDAwMDAwLCJkZWxldGUiOjEyMDAwMDAwMDAwMDAsInVwZGF0ZSI6MTIwMDAwMDAwMDAwMH19",
          "dependencies": [
            "module.network.oci_core_nat_gateway.nat_gateway",
            "module.network.oci_core_vcn.vcn",
            "oci_identity_compartment.dev"
          ]
        }
      ]
    },
    {
      "module": "module.network",
      "mode": "managed",
      "type": "oci_core_security_list",
      "name": "private_subnet_security_list",
      "provider": "provider[\"registry.terraform.io/hashicorp/oci\"]",
      "instances": [
        {
          "schema_version": 0,
          "attributes": {
            "compartment_id": "ocid1.compartment.oc1..aaaaaaaaytzx7mlgya6bho6l6yjhtzl5q56oi4wk2z7aqa7kg26sxpf5zn2q",
            "defined_tags": {
              "Oracle-Tags.CreatedBy": "mail@felixwie.com",
              "Oracle-Tags.CreatedOn": "2021-12-10T09:21:34.612Z"
            },
            "display_name": "default private security list",
            "egress_security_rules": [
              {
                "description": "Outbound TCP to port 1",
                "destination": "0.0.0.0/0",
                "destination_type": "CIDR_BLOCK",
                "icmp_options": [],
                "protocol": "6",
                "stateless": false,
                "tcp_options": [
                  {
                    "max": 1,
                    "min": 1,
                    "source_port_range": []
                  }
                ],
                "udp_options": []
              },
              {
                "description": "Outbound UDP to port 1",
                "destination": "0.0.0.0/0",
                "destination_type": "CIDR_BLOCK",
                "icmp_options": [],
                "protocol": "17",
                "stateless": false,
                "tcp_options": [],
                "udp_options": [
                  {
                    "max": 1,
                    "min": 1,
                    "source_port_range": []
                  }
                ]
              }
            ],
            "freeform_tags": {},
            "id": "ocid1.securitylist.oc1.eu-frankfurt-1.aaaaaaaausyr7zxnusxdnodm5ujmz4h4hjcrbh2jl32xs4xdxnn4vph7cfna",
            "ingress_security_rules": [],
            "state": "AVAILABLE",
            "time_created": "2021-12-10 09:21:34.665 +0000 UTC",
            "timeouts": null,
            "vcn_id": "ocid1.vcn.oc1.eu-frankfurt-1.amaaaaaaxn6fafaanmio6vjcymgejcgrfg7m3evminpjkonwtly4eqklqv4q"
          },
          "sensitive_attributes": [],
          "private": "eyJlMmJmYjczMC1lY2FhLTExZTYtOGY4OC0zNDM2M2JjN2M0YzAiOnsiY3JlYXRlIjoxMjAwMDAwMDAwMDAwLCJkZWxldGUiOjEyMDAwMDAwMDAwMDAsInVwZGF0ZSI6MTIwMDAwMDAwMDAwMH19",
          "dependencies": [
            "module.network.oci_core_vcn.vcn",
            "oci_identity_compartment.dev"
          ]
        }
      ]
    },
    {
      "module": "module.network",
      "mode": "managed",
      "type": "oci_core_subnet",
      "name": "public_subnet",
      "provider": "provider[\"registry.terraform.io/hashicorp/oci\"]",
      "instances": [
        {
          "index_key": "public-dev",
          "schema_version": 0,
          "attributes": {
            "availability_domain": null,
            "cidr_block": "10.0.2.0/24",
            "compartment_id": "ocid1.compartment.oc1..aaaaaaaaytzx7mlgya6bho6l6yjhtzl5q56oi4wk2z7aqa7kg26sxpf5zn2q",
            "defined_tags": {
              "Oracle-Tags.CreatedBy": "mail@felixwie.com",
              "Oracle-Tags.CreatedOn": "2021-12-10T09:21:36.257Z"
            },
            "dhcp_options_id": "ocid1.dhcpoptions.oc1.eu-frankfurt-1.aaaaaaaaxm3vvppavzce2nijtpowsi25luclpdfcm7skplktyjjnan74hkqa",
            "display_name": "public-dev subnet",
            "dns_label": "publicdev",
            "freeform_tags": {},
            "id": "ocid1.subnet.oc1.eu-frankfurt-1.aaaaaaaao4edyd3pl3mlrtk7cnz7d6vg2spos3l44umdwokcp2pojms7njnq",
            "ipv6cidr_block": null,
            "ipv6virtual_router_ip": null,
            "prohibit_internet_ingress": false,
            "prohibit_public_ip_on_vnic": false,
            "route_table_id": "ocid1.routetable.oc1.eu-frankfurt-1.aaaaaaaa3d3vwd7qxwayfsy3olds5hzeibblv64zvjtrhgdeac6us36xdgrq",
            "security_list_ids": [
              "ocid1.securitylist.oc1.eu-frankfurt-1.aaaaaaaa5fbbcb54ne3zj56efs4pckfuul23tpd3eikymtf46wysv4atewwq"
            ],
            "state": "AVAILABLE",
            "subnet_domain_name": "publicdev.devvcn.oraclevcn.com",
            "time_created": "2021-12-10 09:21:36.371 +0000 UTC",
            "timeouts": null,
            "vcn_id": "ocid1.vcn.oc1.eu-frankfurt-1.amaaaaaaxn6fafaanmio6vjcymgejcgrfg7m3evminpjkonwtly4eqklqv4q",
            "virtual_router_ip": "10.0.2.1",
            "virtual_router_mac": "00:00:17:50:6D:51"
          },
          "sensitive_attributes": [],
          "private": "eyJlMmJmYjczMC1lY2FhLTExZTYtOGY4OC0zNDM2M2JjN2M0YzAiOnsiY3JlYXRlIjoxMjAwMDAwMDAwMDAwLCJkZWxldGUiOjEyMDAwMDAwMDAwMDAsInVwZGF0ZSI6MTIwMDAwMDAwMDAwMH19",
          "dependencies": [
            "module.network.oci_core_default_security_list.public_subnet_security_list",
            "module.network.oci_core_internet_gateway.internet_gateway",
            "module.network.oci_core_vcn.vcn",
            "oci_identity_compartment.dev",
            "module.network.oci_core_default_dhcp_options.dhcp_options",
            "module.network.oci_core_default_route_table.public_route_table"
          ]
        }
      ]
    },
    {
      "module": "module.network",
      "mode": "managed",
      "type": "oci_core_vcn",
      "name": "vcn",
      "provider": "provider[\"registry.terraform.io/hashicorp/oci\"]",
      "instances": [
        {
          "schema_version": 0,
          "attributes": {
            "cidr_block": "10.0.0.0/16",
            "cidr_blocks": [
              "10.0.0.0/16"
            ],
            "compartment_id": "ocid1.compartment.oc1..aaaaaaaaytzx7mlgya6bho6l6yjhtzl5q56oi4wk2z7aqa7kg26sxpf5zn2q",
            "default_dhcp_options_id": "ocid1.dhcpoptions.oc1.eu-frankfurt-1.aaaaaaaaxm3vvppavzce2nijtpowsi25luclpdfcm7skplktyjjnan74hkqa",
            "default_route_table_id": "ocid1.routetable.oc1.eu-frankfurt-1.aaaaaaaa3d3vwd7qxwayfsy3olds5hzeibblv64zvjtrhgdeac6us36xdgrq",
            "default_security_list_id": "ocid1.securitylist.oc1.eu-frankfurt-1.aaaaaaaa5fbbcb54ne3zj56efs4pckfuul23tpd3eikymtf46wysv4atewwq",
            "defined_tags": {
              "Oracle-Tags.CreatedBy": "mail@felixwie.com",
              "Oracle-Tags.CreatedOn": "2021-12-10T09:21:33.348Z"
            },
            "display_name": "devvcn",
            "dns_label": "devvcn",
            "freeform_tags": {},
            "id": "ocid1.vcn.oc1.eu-frankfurt-1.amaaaaaaxn6fafaanmio6vjcymgejcgrfg7m3evminpjkonwtly4eqklqv4q",
            "ipv6cidr_blocks": [],
            "is_ipv6enabled": false,
            "state": "AVAILABLE",
            "time_created": "2021-12-10 09:21:33.401 +0000 UTC",
            "timeouts": null,
            "vcn_domain_name": "devvcn.oraclevcn.com"
          },
          "sensitive_attributes": [],
          "private": "eyJlMmJmYjczMC1lY2FhLTExZTYtOGY4OC0zNDM2M2JjN2M0YzAiOnsiY3JlYXRlIjoxMjAwMDAwMDAwMDAwLCJkZWxldGUiOjEyMDAwMDAwMDAwMDAsInVwZGF0ZSI6MTIwMDAwMDAwMDAwMH19",
          "dependencies": [
            "oci_identity_compartment.dev"
          ]
        }
      ]
    }
  ]
}
